// !$*UTF8*$!
{
	archiveVersion = 1;
	classes = {
	};
	objectVersion = 55;
	objects = {

/* Begin PBXBuildFile section */
		E939C2942734787000A7F02A /* ArboretumIDApp.swift in Sources */ = {isa = PBXBuildFile; fileRef = E939C2932734787000A7F02A /* ArboretumIDApp.swift */; };
		E939C2962734787000A7F02A /* ContentView.swift in Sources */ = {isa = PBXBuildFile; fileRef = E939C2952734787000A7F02A /* ContentView.swift */; };
		E939C2982734787100A7F02A /* Assets.xcassets in Resources */ = {isa = PBXBuildFile; fileRef = E939C2972734787100A7F02A /* Assets.xcassets */; };
		E939C29B2734787100A7F02A /* Preview Assets.xcassets in Resources */ = {isa = PBXBuildFile; fileRef = E939C29A2734787100A7F02A /* Preview Assets.xcassets */; };
		E939C2A52734787100A7F02A /* ArboretumIDTests.swift in Sources */ = {isa = PBXBuildFile; fileRef = E939C2A42734787100A7F02A /* ArboretumIDTests.swift */; };
		E939C2AF2734787100A7F02A /* ArboretumIDUITests.swift in Sources */ = {isa = PBXBuildFile; fileRef = E939C2AE2734787100A7F02A /* ArboretumIDUITests.swift */; };
		E939C2B12734787100A7F02A /* ArboretumIDUITestsLaunchTests.swift in Sources */ = {isa = PBXBuildFile; fileRef = E939C2B02734787100A7F02A /* ArboretumIDUITestsLaunchTests.swift */; };
/* End PBXBuildFile section */

/* Begin PBXContainerItemProxy section */
		E939C2A12734787100A7F02A /* PBXContainerItemProxy */ = {
			isa = PBXContainerItemProxy;
			containerPortal = E939C2882734787000A7F02A /* Project object */;
			proxyType = 1;
			remoteGlobalIDString = E939C28F2734787000A7F02A;
			remoteInfo = ArboretumID;
		};
		E939C2AB2734787100A7F02A /* PBXContainerItemProxy */ = {
			isa = PBXContainerItemProxy;
			containerPortal = E939C2882734787000A7F02A /* Project object */;
			proxyType = 1;
			remoteGlobalIDString = E939C28F2734787000A7F02A;
			remoteInfo = ArboretumID;
		};
/* End PBXContainerItemProxy section */

/* Begin PBXFileReference section */
		E939C2902734787000A7F02A /* ArboretumID.app */ = {isa = PBXFileReference; explicitFileType = wrapper.application; includeInIndex = 0; path = ArboretumID.app; sourceTree = BUILT_PRODUCTS_DIR; };
		E939C2932734787000A7F02A /* ArboretumIDApp.swift */ = {isa = PBXFileReference; lastKnownFileType = sourcecode.swift; path = ArboretumIDApp.swift; sourceTree = "<group>"; };
		E939C2952734787000A7F02A /* ContentView.swift */ = {isa = PBXFileReference; lastKnownFileType = sourcecode.swift; path = ContentView.swift; sourceTree = "<group>"; };
		E939C2972734787100A7F02A /* Assets.xcassets */ = {isa = PBXFileReference; lastKnownFileType = folder.assetcatalog; path = Assets.xcassets; sourceTree = "<group>"; };
		E939C29A2734787100A7F02A /* Preview Assets.xcassets */ = {isa = PBXFileReference; lastKnownFileType = folder.assetcatalog; path = "Preview Assets.xcassets"; sourceTree = "<group>"; };
		E939C2A02734787100A7F02A /* ArboretumIDTests.xctest */ = {isa = PBXFileReference; explicitFileType = wrapper.cfbundle; includeInIndex = 0; path = ArboretumIDTests.xctest; sourceTree = BUILT_PRODUCTS_DIR; };
		E939C2A42734787100A7F02A /* ArboretumIDTests.swift */ = {isa = PBXFileReference; lastKnownFileType = sourcecode.swift; path = ArboretumIDTests.swift; sourceTree = "<group>"; };
		E939C2AA2734787100A7F02A /* ArboretumIDUITests.xctest */ = {isa = PBXFileReference; explicitFileType = wrapper.cfbundle; includeInIndex = 0; path = ArboretumIDUITests.xctest; sourceTree = BUILT_PRODUCTS_DIR; };
		E939C2AE2734787100A7F02A /* ArboretumIDUITests.swift */ = {isa = PBXFileReference; lastKnownFileType = sourcecode.swift; path = ArboretumIDUITests.swift; sourceTree = "<group>"; };
		E939C2B02734787100A7F02A /* ArboretumIDUITestsLaunchTests.swift */ = {isa = PBXFileReference; lastKnownFileType = sourcecode.swift; path = ArboretumIDUITestsLaunchTests.swift; sourceTree = "<group>"; };
/* End PBXFileReference section */

/* Begin PBXFrameworksBuildPhase section */
		E939C28D2734787000A7F02A /* Frameworks */ = {
			isa = PBXFrameworksBuildPhase;
			buildActionMask = 2147483647;
			files = (
			);
			runOnlyForDeploymentPostprocessing = 0;
		};
		E939C29D2734787100A7F02A /* Frameworks */ = {
			isa = PBXFrameworksBuildPhase;
			buildActionMask = 2147483647;
			files = (
			);
			runOnlyForDeploymentPostprocessing = 0;
		};
		E939C2A72734787100A7F02A /* Frameworks */ = {
			isa = PBXFrameworksBuildPhase;
			buildActionMask = 2147483647;
			files = (
			);
			runOnlyForDeploymentPostprocessing = 0;
		};
/* End PBXFrameworksBuildPhase section */

/* Begin PBXGroup section */
		E939C2872734787000A7F02A = {
			isa = PBXGroup;
			children = (
				E939C2922734787000A7F02A /* ArboretumID */,
				E939C2A32734787100A7F02A /* ArboretumIDTests */,
				E939C2AD2734787100A7F02A /* ArboretumIDUITests */,
				E939C2912734787000A7F02A /* Products */,
			);
			sourceTree = "<group>";
		};
		E939C2912734787000A7F02A /* Products */ = {
			isa = PBXGroup;
			children = (
				E939C2902734787000A7F02A /* ArboretumID.app */,
				E939C2A02734787100A7F02A /* ArboretumIDTests.xctest */,
				E939C2AA2734787100A7F02A /* ArboretumIDUITests.xctest */,
			);
			name = Products;
			sourceTree = "<group>";
		};
		E939C2922734787000A7F02A /* ArboretumID */ = {
			isa = PBXGroup;
			children = (
				E939C2932734787000A7F02A /* ArboretumIDApp.swift */,
				E939C2952734787000A7F02A /* ContentView.swift */,
				E939C2972734787100A7F02A /* Assets.xcassets */,
				E939C2992734787100A7F02A /* Preview Content */,
			);
			path = ArboretumID;
			sourceTree = "<group>";
		};
		E939C2992734787100A7F02A /* Preview Content */ = {
			isa = PBXGroup;
			children = (
				E939C29A2734787100A7F02A /* Preview Assets.xcassets */,
			);
			path = "Preview Content";
			sourceTree = "<group>";
		};
		E939C2A32734787100A7F02A /* ArboretumIDTests */ = {
			isa = PBXGroup;
			children = (
				E939C2A42734787100A7F02A /* ArboretumIDTests.swift */,
			);
			path = ArboretumIDTests;
			sourceTree = "<group>";
		};
		E939C2AD2734787100A7F02A /* ArboretumIDUITests */ = {
			isa = PBXGroup;
			children = (
				E939C2AE2734787100A7F02A /* ArboretumIDUITests.swift */,
				E939C2B02734787100A7F02A /* ArboretumIDUITestsLaunchTests.swift */,
			);
			path = ArboretumIDUITests;
			sourceTree = "<group>";
		};
/* End PBXGroup section */

/* Begin PBXNativeTarget section */
		E939C28F2734787000A7F02A /* ArboretumID */ = {
			isa = PBXNativeTarget;
			buildConfigurationList = E939C2B42734787100A7F02A /* Build configuration list for PBXNativeTarget "ArboretumID" */;
			buildPhases = (
				E939C28C2734787000A7F02A /* Sources */,
				E939C28D2734787000A7F02A /* Frameworks */,
				E939C28E2734787000A7F02A /* Resources */,
			);
			buildRules = (
			);
			dependencies = (
			);
			name = ArboretumID;
			productName = ArboretumID;
			productReference = E939C2902734787000A7F02A /* ArboretumID.app */;
			productType = "com.apple.product-type.application";
		};
		E939C29F2734787100A7F02A /* ArboretumIDTests */ = {
			isa = PBXNativeTarget;
			buildConfigurationList = E939C2B72734787100A7F02A /* Build configuration list for PBXNativeTarget "ArboretumIDTests" */;
			buildPhases = (
				E939C29C2734787100A7F02A /* Sources */,
				E939C29D2734787100A7F02A /* Frameworks */,
				E939C29E2734787100A7F02A /* Resources */,
			);
			buildRules = (
			);
			dependencies = (
				E939C2A22734787100A7F02A /* PBXTargetDependency */,
			);
			name = ArboretumIDTests;
			productName = ArboretumIDTests;
			productReference = E939C2A02734787100A7F02A /* ArboretumIDTests.xctest */;
			productType = "com.apple.product-type.bundle.unit-test";
		};
		E939C2A92734787100A7F02A /* ArboretumIDUITests */ = {
			isa = PBXNativeTarget;
			buildConfigurationList = E939C2BA2734787100A7F02A /* Build configuration list for PBXNativeTarget "ArboretumIDUITests" */;
			buildPhases = (
				E939C2A62734787100A7F02A /* Sources */,
				E939C2A72734787100A7F02A /* Frameworks */,
				E939C2A82734787100A7F02A /* Resources */,
			);
			buildRules = (
			);
			dependencies = (
				E939C2AC2734787100A7F02A /* PBXTargetDependency */,
			);
			name = ArboretumIDUITests;
			productName = ArboretumIDUITests;
			productReference = E939C2AA2734787100A7F02A /* ArboretumIDUITests.xctest */;
			productType = "com.apple.product-type.bundle.ui-testing";
		};
/* End PBXNativeTarget section */

/* Begin PBXProject section */
		E939C2882734787000A7F02A /* Project object */ = {
			isa = PBXProject;
			attributes = {
				BuildIndependentTargetsInParallel = 1;
				LastSwiftUpdateCheck = 1310;
				LastUpgradeCheck = 1310;
				TargetAttributes = {
					E939C28F2734787000A7F02A = {
						CreatedOnToolsVersion = 13.1;
					};
					E939C29F2734787100A7F02A = {
						CreatedOnToolsVersion = 13.1;
						TestTargetID = E939C28F2734787000A7F02A;
					};
					E939C2A92734787100A7F02A = {
						CreatedOnToolsVersion = 13.1;
						TestTargetID = E939C28F2734787000A7F02A;
					};
				};
			};
			buildConfigurationList = E939C28B2734787000A7F02A /* Build configuration list for PBXProject "ArboretumID" */;
			compatibilityVersion = "Xcode 13.0";
			developmentRegion = en;
			hasScannedForEncodings = 0;
			knownRegions = (
				en,
				Base,
			);
			mainGroup = E939C2872734787000A7F02A;
			productRefGroup = E939C2912734787000A7F02A /* Products */;
			projectDirPath = "";
			projectRoot = "";
			targets = (
				E939C28F2734787000A7F02A /* ArboretumID */,
				E939C29F2734787100A7F02A /* ArboretumIDTests */,
				E939C2A92734787100A7F02A /* ArboretumIDUITests */,
			);
		};
/* End PBXProject section */

/* Begin PBXResourcesBuildPhase section */
		E939C28E2734787000A7F02A /* Resources */ = {
			isa = PBXResourcesBuildPhase;
			buildActionMask = 2147483647;
			files = (
				E939C29B2734787100A7F02A /* Preview Assets.xcassets in Resources */,
				E939C2982734787100A7F02A /* Assets.xcassets in Resources */,
			);
			runOnlyForDeploymentPostprocessing = 0;
		};
		E939C29E2734787100A7F02A /* Resources */ = {
			isa = PBXResourcesBuildPhase;
			buildActionMask = 2147483647;
			files = (
			);
			runOnlyForDeploymentPostprocessing = 0;
		};
		E939C2A82734787100A7F02A /* Resources */ = {
			isa = PBXResourcesBuildPhase;
			buildActionMask = 2147483647;
			files = (
			);
			runOnlyForDeploymentPostprocessing = 0;
		};
/* End PBXResourcesBuildPhase section */

/* Begin PBXSourcesBuildPhase section */
		E939C28C2734787000A7F02A /* Sources */ = {
			isa = PBXSourcesBuildPhase;
			buildActionMask = 2147483647;
			files = (
				E939C2962734787000A7F02A /* ContentView.swift in Sources */,
				E939C2942734787000A7F02A /* ArboretumIDApp.swift in Sources */,
			);
			runOnlyForDeploymentPostprocessing = 0;
		};
		E939C29C2734787100A7F02A /* Sources */ = {
			isa = PBXSourcesBuildPhase;
			buildActionMask = 2147483647;
			files = (
				E939C2A52734787100A7F02A /* ArboretumIDTests.swift in Sources */,
			);
			runOnlyForDeploymentPostprocessing = 0;
		};
		E939C2A62734787100A7F02A /* Sources */ = {
			isa = PBXSourcesBuildPhase;
			buildActionMask = 2147483647;
			files = (
				E939C2AF2734787100A7F02A /* ArboretumIDUITests.swift in Sources */,
				E939C2B12734787100A7F02A /* ArboretumIDUITestsLaunchTests.swift in Sources */,
			);
			runOnlyForDeploymentPostprocessing = 0;
		};
/* End PBXSourcesBuildPhase section */

/* Begin PBXTargetDependency section */
		E939C2A22734787100A7F02A /* PBXTargetDependency */ = {
			isa = PBXTargetDependency;
			target = E939C28F2734787000A7F02A /* ArboretumID */;
			targetProxy = E939C2A12734787100A7F02A /* PBXContainerItemProxy */;
		};
		E939C2AC2734787100A7F02A /* PBXTargetDependency */ = {
			isa = PBXTargetDependency;
			target = E939C28F2734787000A7F02A /* ArboretumID */;
			targetProxy = E939C2AB2734787100A7F02A /* PBXContainerItemProxy */;
		};
/* End PBXTargetDependency section */

/* Begin XCBuildConfiguration section */
		E939C2B22734787100A7F02A /* Debug */ = {
			isa = XCBuildConfiguration;
			buildSettings = {
				ALWAYS_SEARCH_USER_PATHS = NO;
				CLANG_ANALYZER_NONNULL = YES;
				CLANG_ANALYZER_NUMBER_OBJECT_CONVERSION = YES_AGGRESSIVE;
				CLANG_CXX_LANGUAGE_STANDARD = "gnu++17";
				CLANG_CXX_LIBRARY = "libc++";
				CLANG_ENABLE_MODULES = YES;
				CLANG_ENABLE_OBJC_ARC = YES;
				CLANG_ENABLE_OBJC_WEAK = YES;
				CLANG_WARN_BLOCK_CAPTURE_AUTORELEASING = YES;
				CLANG_WARN_BOOL_CONVERSION = YES;
				CLANG_WARN_COMMA = YES;
				CLANG_WARN_CONSTANT_CONVERSION = YES;
				CLANG_WARN_DEPRECATED_OBJC_IMPLEMENTATIONS = YES;
				CLANG_WARN_DIRECT_OBJC_ISA_USAGE = YES_ERROR;
				CLANG_WARN_DOCUMENTATION_COMMENTS = YES;
				CLANG_WARN_EMPTY_BODY = YES;
				CLANG_WARN_ENUM_CONVERSION = YES;
				CLANG_WARN_INFINITE_RECURSION = YES;
				CLANG_WARN_INT_CONVERSION = YES;
				CLANG_WARN_NON_LITERAL_NULL_CONVERSION = YES;
				CLANG_WARN_OBJC_IMPLICIT_RETAIN_SELF = YES;
				CLANG_WARN_OBJC_LITERAL_CONVERSION = YES;
				CLANG_WARN_OBJC_ROOT_CLASS = YES_ERROR;
				CLANG_WARN_QUOTED_INCLUDE_IN_FRAMEWORK_HEADER = YES;
				CLANG_WARN_RANGE_LOOP_ANALYSIS = YES;
				CLANG_WARN_STRICT_PROTOTYPES = YES;
				CLANG_WARN_SUSPICIOUS_MOVE = YES;
				CLANG_WARN_UNGUARDED_AVAILABILITY = YES_AGGRESSIVE;
				CLANG_WARN_UNREACHABLE_CODE = YES;
				CLANG_WARN__DUPLICATE_METHOD_MATCH = YES;
				COPY_PHASE_STRIP = NO;
				DEBUG_INFORMATION_FORMAT = dwarf;
				ENABLE_STRICT_OBJC_MSGSEND = YES;
				ENABLE_TESTABILITY = YES;
				GCC_C_LANGUAGE_STANDARD = gnu11;
				GCC_DYNAMIC_NO_PIC = NO;
				GCC_NO_COMMON_BLOCKS = YES;
				GCC_OPTIMIZATION_LEVEL = 0;
				GCC_PREPROCESSOR_DEFINITIONS = (
					"DEBUG=1",
					"$(inherited)",
				);
				GCC_WARN_64_TO_32_BIT_CONVERSION = YES;
				GCC_WARN_ABOUT_RETURN_TYPE = YES_ERROR;
				GCC_WARN_UNDECLARED_SELECTOR = YES;
				GCC_WARN_UNINITIALIZED_AUTOS = YES_AGGRESSIVE;
				GCC_WARN_UNUSED_FUNCTION = YES;
				GCC_WARN_UNUSED_VARIABLE = YES;
				IPHONEOS_DEPLOYMENT_TARGET = 15.0;
				MTL_ENABLE_DEBUG_INFO = INCLUDE_SOURCE;
				MTL_FAST_MATH = YES;
				ONLY_ACTIVE_ARCH = YES;
				SDKROOT = iphoneos;
				SWIFT_ACTIVE_COMPILATION_CONDITIONS = DEBUG;
				SWIFT_OPTIMIZATION_LEVEL = "-Onone";
			};
			name = Debug;
		};
		E939C2B32734787100A7F02A /* Release */ = {
			isa = XCBuildConfiguration;
			buildSettings = {
				ALWAYS_SEARCH_USER_PATHS = NO;
				CLANG_ANALYZER_NONNULL = YES;
				CLANG_ANALYZER_NUMBER_OBJECT_CONVERSION = YES_AGGRESSIVE;
				CLANG_CXX_LANGUAGE_STANDARD = "gnu++17";
				CLANG_CXX_LIBRARY = "libc++";
				CLANG_ENABLE_MODULES = YES;
				CLANG_ENABLE_OBJC_ARC = YES;
				CLANG_ENABLE_OBJC_WEAK = YES;
				CLANG_WARN_BLOCK_CAPTURE_AUTORELEASING = YES;
				CLANG_WARN_BOOL_CONVERSION = YES;
				CLANG_WARN_COMMA = YES;
				CLANG_WARN_CONSTANT_CONVERSION = YES;
				CLANG_WARN_DEPRECATED_OBJC_IMPLEMENTATIONS = YES;
				CLANG_WARN_DIRECT_OBJC_ISA_USAGE = YES_ERROR;
				CLANG_WARN_DOCUMENTATION_COMMENTS = YES;
				CLANG_WARN_EMPTY_BODY = YES;
				CLANG_WARN_ENUM_CONVERSION = YES;
				CLANG_WARN_INFINITE_RECURSION = YES;
				CLANG_WARN_INT_CONVERSION = YES;
				CLANG_WARN_NON_LITERAL_NULL_CONVERSION = YES;
				CLANG_WARN_OBJC_IMPLICIT_RETAIN_SELF = YES;
				CLANG_WARN_OBJC_LITERAL_CONVERSION = YES;
				CLANG_WARN_OBJC_ROOT_CLASS = YES_ERROR;
				CLANG_WARN_QUOTED_INCLUDE_IN_FRAMEWORK_HEADER = YES;
				CLANG_WARN_RANGE_LOOP_ANALYSIS = YES;
				CLANG_WARN_STRICT_PROTOTYPES = YES;
				CLANG_WARN_SUSPICIOUS_MOVE = YES;
				CLANG_WARN_UNGUARDED_AVAILABILITY = YES_AGGRESSIVE;
				CLANG_WARN_UNREACHABLE_CODE = YES;
				CLANG_WARN__DUPLICATE_METHOD_MATCH = YES;
				COPY_PHASE_STRIP = NO;
				DEBUG_INFORMATION_FORMAT = "dwarf-with-dsym";
				ENABLE_NS_ASSERTIONS = NO;
				ENABLE_STRICT_OBJC_MSGSEND = YES;
				GCC_C_LANGUAGE_STANDARD = gnu11;
				GCC_NO_COMMON_BLOCKS = YES;
				GCC_WARN_64_TO_32_BIT_CONVERSION = YES;
				GCC_WARN_ABOUT_RETURN_TYPE = YES_ERROR;
				GCC_WARN_UNDECLARED_SELECTOR = YES;
				GCC_WARN_UNINITIALIZED_AUTOS = YES_AGGRESSIVE;
				GCC_WARN_UNUSED_FUNCTION = YES;
				GCC_WARN_UNUSED_VARIABLE = YES;
				IPHONEOS_DEPLOYMENT_TARGET = 15.0;
				MTL_ENABLE_DEBUG_INFO = NO;
				MTL_FAST_MATH = YES;
				SDKROOT = iphoneos;
				SWIFT_COMPILATION_MODE = wholemodule;
				SWIFT_OPTIMIZATION_LEVEL = "-O";
				VALIDATE_PRODUCT = YES;
			};
			name = Release;
		};
		E939C2B52734787100A7F02A /* Debug */ = {
			isa = XCBuildConfiguration;
			buildSettings = {
				ASSETCATALOG_COMPILER_APPICON_NAME = AppIcon;
				ASSETCATALOG_COMPILER_GLOBAL_ACCENT_COLOR_NAME = AccentColor;
				CODE_SIGN_STYLE = Automatic;
				CURRENT_PROJECT_VERSION = 1;
				DEVELOPMENT_ASSET_PATHS = "\"ArboretumID/Preview Content\"";
				DEVELOPMENT_TEAM = A7W8G9KD9F;
				ENABLE_PREVIEWS = YES;
				GENERATE_INFOPLIST_FILE = YES;
				INFOPLIST_KEY_UIApplicationSceneManifest_Generation = YES;
				INFOPLIST_KEY_UIApplicationSupportsIndirectInputEvents = YES;
				INFOPLIST_KEY_UILaunchScreen_Generation = YES;
				INFOPLIST_KEY_UISupportedInterfaceOrientations_iPad = "UIInterfaceOrientationPortrait UIInterfaceOrientationPortraitUpsideDown UIInterfaceOrientationLandscapeLeft UIInterfaceOrientationLandscapeRight";
				INFOPLIST_KEY_UISupportedInterfaceOrientations_iPhone = "UIInterfaceOrientationPortrait UIInterfaceOrientationLandscapeLeft UIInterfaceOrientationLandscapeRight";
				LD_RUNPATH_SEARCH_PATHS = (
					"$(inherited)",
					"@executable_path/Frameworks",
				);
				MARKETING_VERSION = 1.0;
				PRODUCT_BUNDLE_IDENTIFIER = me.taylan.ArboretumID;
				PRODUCT_NAME = "$(TARGET_NAME)";
				SWIFT_EMIT_LOC_STRINGS = YES;
				SWIFT_VERSION = 5.0;
				TARGETED_DEVICE_FAMILY = "1,2";
			};
			name = Debug;
		};
		E939C2B62734787100A7F02A /* Release */ = {
			isa = XCBuildConfiguration;
			buildSettings = {
				ASSETCATALOG_COMPILER_APPICON_NAME = AppIcon;
				ASSETCATALOG_COMPILER_GLOBAL_ACCENT_COLOR_NAME = AccentColor;
				CODE_SIGN_STYLE = Automatic;
				CURRENT_PROJECT_VERSION = 1;
				DEVELOPMENT_ASSET_PATHS = "\"ArboretumID/Preview Content\"";
				DEVELOPMENT_TEAM = A7W8G9KD9F;
				ENABLE_PREVIEWS = YES;
				GENERATE_INFOPLIST_FILE = YES;
				INFOPLIST_KEY_UIApplicationSceneManifest_Generation = YES;
				INFOPLIST_KEY_UIApplicationSupportsIndirectInputEvents = YES;
				INFOPLIST_KEY_UILaunchScreen_Generation = YES;
				INFOPLIST_KEY_UISupportedInterfaceOrientations_iPad = "UIInterfaceOrientationPortrait UIInterfaceOrientationPortraitUpsideDown UIInterfaceOrientationLandscapeLeft UIInterfaceOrientationLandscapeRight";
				INFOPLIST_KEY_UISupportedInterfaceOrientations_iPhone = "UIInterfaceOrientationPortrait UIInterfaceOrientationLandscapeLeft UIInterfaceOrientationLandscapeRight";
				LD_RUNPATH_SEARCH_PATHS = (
					"$(inherited)",
					"@executable_path/Frameworks",
				);
				MARKETING_VERSION = 1.0;
				PRODUCT_BUNDLE_IDENTIFIER = me.taylan.ArboretumID;
				PRODUCT_NAME = "$(TARGET_NAME)";
				SWIFT_EMIT_LOC_STRINGS = YES;
				SWIFT_VERSION = 5.0;
				TARGETED_DEVICE_FAMILY = "1,2";
			};
			name = Release;
		};
		E939C2B82734787100A7F02A /* Debug */ = {
			isa = XCBuildConfiguration;
			buildSettings = {
				ALWAYS_EMBED_SWIFT_STANDARD_LIBRARIES = YES;
				BUNDLE_LOADER = "$(TEST_HOST)";
				CODE_SIGN_STYLE = Automatic;
				CURRENT_PROJECT_VERSION = 1;
				DEVELOPMENT_TEAM = A7W8G9KD9F;
				GENERATE_INFOPLIST_FILE = YES;
				IPHONEOS_DEPLOYMENT_TARGET = 15.0;
				LD_RUNPATH_SEARCH_PATHS = (
					"$(inherited)",
					"@executable_path/Frameworks",
					"@loader_path/Frameworks",
				);
				MARKETING_VERSION = 1.0;
				PRODUCT_BUNDLE_IDENTIFIER = me.taylan.ArboretumIDTests;
				PRODUCT_NAME = "$(TARGET_NAME)";
				SWIFT_EMIT_LOC_STRINGS = NO;
				SWIFT_VERSION = 5.0;
				TARGETED_DEVICE_FAMILY = "1,2";
				TEST_HOST = "$(BUILT_PRODUCTS_DIR)/ArboretumID.app/ArboretumID";
			};
			name = Debug;
		};
		E939C2B92734787100A7F02A /* Release */ = {
			isa = XCBuildConfiguration;
			buildSettings = {
				ALWAYS_EMBED_SWIFT_STANDARD_LIBRARIES = YES;
				BUNDLE_LOADER = "$(TEST_HOST)";
				CODE_SIGN_STYLE = Automatic;
				CURRENT_PROJECT_VERSION = 1;
				DEVELOPMENT_TEAM = A7W8G9KD9F;
				GENERATE_INFOPLIST_FILE = YES;
				IPHONEOS_DEPLOYMENT_TARGET = 15.0;
				LD_RUNPATH_SEARCH_PATHS = (
					"$(inherited)",
					"@executable_path/Frameworks",
					"@loader_path/Frameworks",
				);
				MARKETING_VERSION = 1.0;
				PRODUCT_BUNDLE_IDENTIFIER = me.taylan.ArboretumIDTests;
				PRODUCT_NAME = "$(TARGET_NAME)";
				SWIFT_EMIT_LOC_STRINGS = NO;
				SWIFT_VERSION = 5.0;
				TARGETED_DEVICE_FAMILY = "1,2";
				TEST_HOST = "$(BUILT_PRODUCTS_DIR)/ArboretumID.app/ArboretumID";
			};
			name = Release;
		};
		E939C2BB2734787100A7F02A /* Debug */ = {
			isa = XCBuildConfiguration;
			buildSettings = {
				ALWAYS_EMBED_SWIFT_STANDARD_LIBRARIES = YES;
				CODE_SIGN_STYLE = Automatic;
				CURRENT_PROJECT_VERSION = 1;
				DEVELOPMENT_TEAM = A7W8G9KD9F;
				GENERATE_INFOPLIST_FILE = YES;
				LD_RUNPATH_SEARCH_PATHS = (
					"$(inherited)",
					"@executable_path/Frameworks",
					"@loader_path/Frameworks",
				);
				MARKETING_VERSION = 1.0;
				PRODUCT_BUNDLE_IDENTIFIER = me.taylan.ArboretumIDUITests;
				PRODUCT_NAME = "$(TARGET_NAME)";
				SWIFT_EMIT_LOC_STRINGS = NO;
				SWIFT_VERSION = 5.0;
				TARGETED_DEVICE_FAMILY = "1,2";
				TEST_TARGET_NAME = ArboretumID;
			};
			name = Debug;
		};
		E939C2BC2734787100A7F02A /* Release */ = {
			isa = XCBuildConfiguration;
			buildSettings = {
				ALWAYS_EMBED_SWIFT_STANDARD_LIBRARIES = YES;
				CODE_SIGN_STYLE = Automatic;
				CURRENT_PROJECT_VERSION = 1;
				DEVELOPMENT_TEAM = A7W8G9KD9F;
				GENERATE_INFOPLIST_FILE = YES;
				LD_RUNPATH_SEARCH_PATHS = (
					"$(inherited)",
					"@executable_path/Frameworks",
					"@loader_path/Frameworks",
				);
				MARKETING_VERSION = 1.0;
				PRODUCT_BUNDLE_IDENTIFIER = me.taylan.ArboretumIDUITests;
				PRODUCT_NAME = "$(TARGET_NAME)";
				SWIFT_EMIT_LOC_STRINGS = NO;
				SWIFT_VERSION = 5.0;
				TARGETED_DEVICE_FAMILY = "1,2";
				TEST_TARGET_NAME = ArboretumID;
			};
			name = Release;
		};
/* End XCBuildConfiguration section */

/* Begin XCConfigurationList section */
		E939C28B2734787000A7F02A /* Build configuration list for PBXProject "ArboretumID" */ = {
			isa = XCConfigurationList;
			buildConfigurations = (
				E939C2B22734787100A7F02A /* Debug */,
				E939C2B32734787100A7F02A /* Release */,
			);
			defaultConfigurationIsVisible = 0;
			defaultConfigurationName = Release;
		};
		E939C2B42734787100A7F02A /* Build configuration list for PBXNativeTarget "ArboretumID" */ = {
			isa = XCConfigurationList;
			buildConfigurations = (
				E939C2B52734787100A7F02A /* Debug */,
				E939C2B62734787100A7F02A /* Release */,
			);
			defaultConfigurationIsVisible = 0;
			defaultConfigurationName = Release;
		};
		E939C2B72734787100A7F02A /* Build configuration list for PBXNativeTarget "ArboretumIDTests" */ = {
			isa = XCConfigurationList;
			buildConfigurations = (
				E939C2B82734787100A7F02A /* Debug */,
				E939C2B92734787100A7F02A /* Release */,
			);
			defaultConfigurationIsVisible = 0;
			defaultConfigurationName = Release;
		};
		E939C2BA2734787100A7F02A /* Build configuration list for PBXNativeTarget "ArboretumIDUITests" */ = {
			isa = XCConfigurationList;
			buildConfigurations = (
				E939C2BB2734787100A7F02A /* Debug */,
				E939C2BC2734787100A7F02A /* Release */,
			);
			defaultConfigurationIsVisible = 0;
			defaultConfigurationName = Release;
		};
/* End XCConfigurationList section */
	};
	rootObject = E939C2882734787000A7F02A /* Project object */;
}
